
Microsoft Visual Studio Solution File, Format Version 12.00
# Visual Studio Version 17
VisualStudioVersion = 17.0.31903.59
MinimumVisualStudioVersion = 10.0.40219.1
Project("{2150E333-8FDC-42A3-9474-1A3956D46DE8}") = "src", "src", "{259BEBD6-BFE7-4DBA-8CA8-35C6F7ECE6A5}"
EndProject
Project("{FAE04EC0-301F-11D3-BF4B-00C04F79EFBC}") = "InternetData", "src\InternetData\InternetData.csproj", "{0ABF5936-4594-433D-88AD-A4FDBB8E5962}"
EndProject
Project("{2150E333-8FDC-42A3-9474-1A3956D46DE8}") = "tests", "tests", "{82D77250-5C49-4438-BA68-2FDF4A001F93}"
EndProject
Project("{FAE04EC0-301F-11D3-BF4B-00C04F79EFBC}") = "InternetData.Tests", "tests\InternetData.Tests\InternetData.Tests.csproj", "{2E618BB8-A74C-41AF-ADED-ADB98870782F}"
EndProject
Global
	GlobalSection(SolutionConfigurationPlatforms) = preSolution
		Debug|Any CPU = Debug|Any CPU
		Release|Any CPU = Release|Any CPU
	EndGlobalSection
	GlobalSection(SolutionProperties) = preSolution
		HideSolutionNode = FALSE
	EndGlobalSection
	GlobalSection(ProjectConfigurationPlatforms) = postSolution
		{0ABF5936-4594-433D-88AD-A4FDBB8E5962}.Debug|Any CPU.ActiveCfg = Debug|Any CPU
		{0ABF5936-4594-433D-88AD-A4FDBB8E5962}.Debug|Any CPU.Build.0 = Debug|Any CPU
		{0ABF5936-4594-433D-88AD-A4FDBB8E5962}.Release|Any CPU.ActiveCfg = Release|Any CPU
		{0ABF5936-4594-433D-88AD-A4FDBB8E5962}.Release|Any CPU.Build.0 = Release|Any CPU
		{2E618BB8-A74C-41AF-ADED-ADB98870782F}.Debug|Any CPU.ActiveCfg = Debug|Any CPU
		{2E618BB8-A74C-41AF-ADED-ADB98870782F}.Debug|Any CPU.Build.0 = Debug|Any CPU
		{2E618BB8-A74C-41AF-ADED-ADB98870782F}.Release|Any CPU.ActiveCfg = Release|Any CPU
		{2E618BB8-A74C-41AF-ADED-ADB98870782F}.Release|Any CPU.Build.0 = Release|Any CPU
	EndGlobalSection
	GlobalSection(NestedProjects) = preSolution
		{0ABF5936-4594-433D-88AD-A4FDBB8E5962} = {259BEBD6-BFE7-4DBA-8CA8-35C6F7ECE6A5}
		{2E618BB8-A74C-41AF-ADED-ADB98870782F} = {82D77250-5C49-4438-BA68-2FDF4A001F93}
	EndGlobalSection
EndGlobal
